
Microsoft Visual Studio Solution File, Format Version 12.00
# Visual Studio 15
VisualStudioVersion = 15.0.28307.329
MinimumVisualStudioVersion = 10.0.40219.1
Project("{FAE04EC0-301F-11D3-BF4B-00C04F79EFBC}") = "Lab2Task4", "Lab2Task4\Lab2Task4.csproj", "{7127A201-00EA-4491-8C55-13F13A5F4DFF}"
EndProject
Global
	GlobalSection(SolutionConfigurationPlatforms) = preSolution
		Debug|Any CPU = Debug|Any CPU
		Release|Any CPU = Release|Any CPU
	EndGlobalSection
	GlobalSection(ProjectConfigurationPlatforms) = postSolution
		{7127A201-00EA-4491-8C55-13F13A5F4DFF}.Debug|Any CPU.ActiveCfg = Debug|Any CPU
		{7127A201-00EA-4491-8C55-13F13A5F4DFF}.Debug|Any CPU.Build.0 = Debug|Any CPU
		{7127A201-00EA-4491-8C55-13F13A5F4DFF}.Release|Any CPU.ActiveCfg = Release|Any CPU
		{7127A201-00EA-4491-8C55-13F13A5F4DFF}.Release|Any CPU.Build.0 = Release|Any CPU
	EndGlobalSection
	GlobalSection(SolutionProperties) = preSolution
		HideSolutionNode = FALSE
	EndGlobalSection
	GlobalSection(ExtensibilityGlobals) = postSolution
		SolutionGuid = {D507E583-E597-4CDA-8831-45E6E6C7ECF2}
	EndGlobalSection
EndGlobal
